{
  "version": 4,
  "terraform_version": "1.14.2",
  "serial": 43,
  "lineage": "0366bbaf-111c-70b0-942d-604d9949a83e",
  "outputs": {
    "broker_url": {
      "value": "https://mr-connection-ptfsdflzb9n.messaging.solace.cloud:943",
      "type": "string"
    },
    "msg_vpn_name": {
      "value": "msgvpn-73a0pqiz3ci",
      "type": "string"
    },
    "notifications_password": {
      "value": "notifications-secret",
      "type": "string",
      "sensitive": true
    },
    "notifications_queue_name": {
      "value": "Queue_Notifications",
      "type": "string"
    },
    "notifications_subscriptions": {
      "value": [
        "topic/notifications/email",
        "topic/notifications/sms"
      ],
      "type": [
        "tuple",
        [
          "string",
          "string"
        ]
      ]
    },
    "notifications_username": {
      "value": "Notifications_App",
      "type": "string"
    },
    "orders_password": {
      "value": "orders-secret",
      "type": "string",
      "sensitive": true
    },
    "orders_queue_name": {
      "value": "Queue_Orders",
      "type": "string"
    },
    "orders_subscriptions": {
      "value": [
        "topic/orders/created",
        "topic/orders/updated"
      ],
      "type": [
        "tuple",
        [
          "string",
          "string"
        ]
      ]
    },
    "orders_username": {
      "value": "Orders_App",
      "type": "string"
    },
    "payments_password": {
      "value": "payments-secret",
      "type": "string",
      "sensitive": true
    },
    "payments_queue_name": {
      "value": "Queue_Payments",
      "type": "string"
    },
    "payments_subscriptions": {
      "value": [
        "topic/payments/processed"
      ],
      "type": [
        "tuple",
        [
          "string"
        ]
      ]
    },
    "payments_username": {
      "value": "Payments_App",
      "type": "string"
    }
  },
  "resources": [
    {
      "mode": "managed",
      "type": "solacebroker_msg_vpn_acl_profile",
      "name": "notifications-acl",
      "provider": "provider[\"registry.terraform.io/solaceproducts/solacebroker\"]",
      "instances": [
        {
          "schema_version": 1,
          "attributes": {
            "acl_profile_name": "Notifications_ACL",
            "client_connect_default_action": "allow",
            "msg_vpn_name": "msgvpn-73a0pqiz3ci",
            "publish_topic_default_action": "disallow",
            "subscribe_share_name_default_action": "disallow",
            "subscribe_topic_default_action": null
          },
          "sensitive_attributes": [],
          "identity_schema_version": 0,
          "private": "eyJkZWZhdWx0cyI6ImUzMD0ifQ=="
        }
      ]
    },
    {
      "mode": "managed",
      "type": "solacebroker_msg_vpn_acl_profile",
      "name": "orders-acl",
      "provider": "provider[\"registry.terraform.io/solaceproducts/solacebroker\"]",
      "instances": [
        {
          "schema_version": 1,
          "attributes": {
            "acl_profile_name": "Orders_ACL",
            "client_connect_default_action": "allow",
            "msg_vpn_name": "msgvpn-73a0pqiz3ci",
            "publish_topic_default_action": "disallow",
            "subscribe_share_name_default_action": "disallow",
            "subscribe_topic_default_action": null
          },
          "sensitive_attributes": [],
          "identity_schema_version": 0,
          "private": "eyJkZWZhdWx0cyI6ImUzMD0ifQ=="
        }
      ]
    },
    {
      "mode": "managed",
      "type": "solacebroker_msg_vpn_acl_profile",
      "name": "payments-acl",
      "provider": "provider[\"registry.terraform.io/solaceproducts/solacebroker\"]",
      "instances": [
        {
          "schema_version": 1,
          "attributes": {
            "acl_profile_name": "Payments_ACL",
            "client_connect_default_action": "allow",
            "msg_vpn_name": "msgvpn-73a0pqiz3ci",
            "publish_topic_default_action": "disallow",
            "subscribe_share_name_default_action": "disallow",
            "subscribe_topic_default_action": null
          },
          "sensitive_attributes": [],
          "identity_schema_version": 0,
          "private": "eyJkZWZhdWx0cyI6ImUzMD0ifQ=="
        }
      ]
    },
    {
      "mode": "managed",
      "type": "solacebroker_msg_vpn_acl_profile_publish_topic_exception",
      "name": "notifications_publish",
      "provider": "provider[\"registry.terraform.io/solaceproducts/solacebroker\"]",
      "instances": [
        {
          "schema_version": 1,
          "attributes": {
            "acl_profile_name": "Notifications_ACL",
            "msg_vpn_name": "msgvpn-73a0pqiz3ci",
            "publish_topic_exception": "topic/notifications/*",
            "publish_topic_exception_syntax": "smf"
          },
          "sensitive_attributes": [],
          "identity_schema_version": 0,
          "private": "eyJkZWZhdWx0cyI6ImUzMD0ifQ==",
          "dependencies": [
            "solacebroker_msg_vpn_acl_profile.notifications-acl"
          ]
        }
      ]
    },
    {
      "mode": "managed",
      "type": "solacebroker_msg_vpn_acl_profile_publish_topic_exception",
      "name": "orders_publish",
      "provider": "provider[\"registry.terraform.io/solaceproducts/solacebroker\"]",
      "instances": [
        {
          "schema_version": 1,
          "attributes": {
            "acl_profile_name": "Orders_ACL",
            "msg_vpn_name": "msgvpn-73a0pqiz3ci",
            "publish_topic_exception": "topic/orders/*",
            "publish_topic_exception_syntax": "smf"
          },
          "sensitive_attributes": [],
          "identity_schema_version": 0,
          "private": "eyJkZWZhdWx0cyI6ImUzMD0ifQ==",
          "dependencies": [
            "solacebroker_msg_vpn_acl_profile.orders-acl"
          ]
        }
      ]
    },
    {
      "mode": "managed",
      "type": "solacebroker_msg_vpn_acl_profile_publish_topic_exception",
      "name": "payments_publish",
      "provider": "provider[\"registry.terraform.io/solaceproducts/solacebroker\"]",
      "instances": [
        {
          "schema_version": 1,
          "attributes": {
            "acl_profile_name": "Payments_ACL",
            "msg_vpn_name": "msgvpn-73a0pqiz3ci",
            "publish_topic_exception": "topic/payments/*",
            "publish_topic_exception_syntax": "smf"
          },
          "sensitive_attributes": [],
          "identity_schema_version": 0,
          "private": "eyJkZWZhdWx0cyI6ImUzMD0ifQ==",
          "dependencies": [
            "solacebroker_msg_vpn_acl_profile.payments-acl"
          ]
        }
      ]
    },
    {
      "mode": "managed",
      "type": "solacebroker_msg_vpn_acl_profile_subscribe_topic_exception",
      "name": "notifications_subscribe",
      "provider": "provider[\"registry.terraform.io/solaceproducts/solacebroker\"]",
      "instances": [
        {
          "schema_version": 1,
          "attributes": {
            "acl_profile_name": "Notifications_ACL",
            "msg_vpn_name": "msgvpn-73a0pqiz3ci",
            "subscribe_topic_exception": "topic/notifications/*",
            "subscribe_topic_exception_syntax": "smf"
          },
          "sensitive_attributes": [],
          "identity_schema_version": 0,
          "private": "eyJkZWZhdWx0cyI6ImUzMD0ifQ==",
          "dependencies": [
            "solacebroker_msg_vpn_acl_profile.notifications-acl"
          ]
        }
      ]
    },
    {
      "mode": "managed",
      "type": "solacebroker_msg_vpn_acl_profile_subscribe_topic_exception",
      "name": "orders_subscribe",
      "provider": "provider[\"registry.terraform.io/solaceproducts/solacebroker\"]",
      "instances": [
        {
          "schema_version": 1,
          "attributes": {
            "acl_profile_name": "Orders_ACL",
            "msg_vpn_name": "msgvpn-73a0pqiz3ci",
            "subscribe_topic_exception": "topic/orders/*",
            "subscribe_topic_exception_syntax": "smf"
          },
          "sensitive_attributes": [],
          "identity_schema_version": 0,
          "private": "eyJkZWZhdWx0cyI6ImUzMD0ifQ==",
          "dependencies": [
            "solacebroker_msg_vpn_acl_profile.orders-acl"
          ]
        }
      ]
    },
    {
      "mode": "managed",
      "type": "solacebroker_msg_vpn_acl_profile_subscribe_topic_exception",
      "name": "payments_subscribe",
      "provider": "provider[\"registry.terraform.io/solaceproducts/solacebroker\"]",
      "instances": [
        {
          "schema_version": 1,
          "attributes": {
            "acl_profile_name": "Payments_ACL",
            "msg_vpn_name": "msgvpn-73a0pqiz3ci",
            "subscribe_topic_exception": "topic/payments/*",
            "subscribe_topic_exception_syntax": "smf"
          },
          "sensitive_attributes": [],
          "identity_schema_version": 0,
          "private": "eyJkZWZhdWx0cyI6ImUzMD0ifQ==",
          "dependencies": [
            "solacebroker_msg_vpn_acl_profile.payments-acl"
          ]
        }
      ]
    },
    {
      "mode": "managed",
      "type": "solacebroker_msg_vpn_client_profile",
      "name": "notifications-profile",
      "provider": "provider[\"registry.terraform.io/solaceproducts/solacebroker\"]",
      "instances": [
        {
          "schema_version": 1,
          "attributes": {
            "allow_bridge_connections_enabled": null,
            "allow_guaranteed_endpoint_create_durability": null,
            "allow_guaranteed_endpoint_create_enabled": true,
            "allow_guaranteed_msg_receive_enabled": true,
            "allow_guaranteed_msg_send_enabled": true,
            "allow_shared_subscriptions_enabled": null,
            "allow_transacted_sessions_enabled": null,
            "api_queue_management_copy_from_on_create_template_name": null,
            "api_topic_endpoint_management_copy_from_on_create_template_name": null,
            "client_profile_name": "Notifications_Profile",
            "compression_enabled": null,
            "eliding_delay": null,
            "eliding_enabled": null,
            "eliding_max_topic_count": null,
            "event_client_provisioned_endpoint_spool_usage_threshold": null,
            "event_connection_count_per_client_username_threshold": null,
            "event_egress_flow_count_threshold": null,
            "event_endpoint_count_per_client_username_threshold": null,
            "event_ingress_flow_count_threshold": null,
            "event_service_smf_connection_count_per_client_username_threshold": null,
            "event_service_web_connection_count_per_client_username_threshold": null,
            "event_subscription_count_threshold": null,
            "event_transacted_session_count_threshold": null,
            "event_transaction_count_threshold": null,
            "max_amqp_link_count": null,
            "max_connection_count_per_client_username": 10,
            "max_egress_flow_count": null,
            "max_endpoint_count_per_client_username": null,
            "max_ingress_flow_count": null,
            "max_msgs_per_transaction": null,
            "max_subscription_count": null,
            "max_transacted_session_count": null,
            "max_transaction_count": null,
            "msg_vpn_name": "msgvpn-73a0pqiz3ci",
            "queue_control1_max_depth": null,
            "queue_control1_min_msg_burst": null,
            "queue_direct1_max_depth": null,
            "queue_direct1_min_msg_burst": null,
            "queue_direct2_max_depth": null,
            "queue_direct2_min_msg_burst": null,
            "queue_direct3_max_depth": null,
            "queue_direct3_min_msg_burst": null,
            "queue_guaranteed1_max_depth": null,
            "queue_guaranteed1_min_msg_burst": null,
            "reject_msg_to_sender_on_no_subscription_match_enabled": null,
            "replication_allow_client_connect_when_standby_enabled": null,
            "service_min_keepalive_timeout": null,
            "service_smf_max_connection_count_per_client_username": null,
            "service_smf_min_keepalive_enabled": null,
            "service_web_inactive_timeout": null,
            "service_web_max_connection_count_per_client_username": null,
            "service_web_max_payload": null,
            "tcp_congestion_window_size": null,
            "tcp_keepalive_count": null,
            "tcp_keepalive_idle_time": null,
            "tcp_keepalive_interval": null,
            "tcp_max_segment_size": null,
            "tcp_max_window_size": null,
            "tls_allow_downgrade_to_plain_text_enabled": null
          },
          "sensitive_attributes": [],
          "identity_schema_version": 0,
          "private": "eyJkZWZhdWx0cyI6ImV5SnRZWGhUZFdKelkzSnBjSFJwYjI1RGIzVnVkQ0k2TlRBd01EQXdMQ0p0WVhoVWNtRnVjMkZqZEdsdmJrTnZkVzUwSWpvMU1EQXdMQ0p6WlhKMmFXTmxVMjFtVFdGNFEyOXVibVZqZEdsdmJrTnZkVzUwVUdWeVEyeHBaVzUwVlhObGNtNWhiV1VpT2pFd01EQXNJbk5sY25acFkyVlhaV0pOWVhoRGIyNXVaV04wYVc5dVEyOTFiblJRWlhKRGJHbGxiblJWYzJWeWJtRnRaU0k2TVRBd01IMD0ifQ=="
        }
      ]
    },
    {
      "mode": "managed",
      "type": "solacebroker_msg_vpn_client_profile",
      "name": "orders-profile",
      "provider": "provider[\"registry.terraform.io/solaceproducts/solacebroker\"]",
      "instances": [
        {
          "schema_version": 1,
          "attributes": {
            "allow_bridge_connections_enabled": null,
            "allow_guaranteed_endpoint_create_durability": null,
            "allow_guaranteed_endpoint_create_enabled": true,
            "allow_guaranteed_msg_receive_enabled": true,
            "allow_guaranteed_msg_send_enabled": true,
            "allow_shared_subscriptions_enabled": null,
            "allow_transacted_sessions_enabled": null,
            "api_queue_management_copy_from_on_create_template_name": null,
            "api_topic_endpoint_management_copy_from_on_create_template_name": null,
            "client_profile_name": "Orders_Profile",
            "compression_enabled": null,
            "eliding_delay": null,
            "eliding_enabled": null,
            "eliding_max_topic_count": null,
            "event_client_provisioned_endpoint_spool_usage_threshold": null,
            "event_connection_count_per_client_username_threshold": null,
            "event_egress_flow_count_threshold": null,
            "event_endpoint_count_per_client_username_threshold": null,
            "event_ingress_flow_count_threshold": null,
            "event_service_smf_connection_count_per_client_username_threshold": null,
            "event_service_web_connection_count_per_client_username_threshold": null,
            "event_subscription_count_threshold": null,
            "event_transacted_session_count_threshold": null,
            "event_transaction_count_threshold": null,
            "max_amqp_link_count": null,
            "max_connection_count_per_client_username": 10,
            "max_egress_flow_count": null,
            "max_endpoint_count_per_client_username": null,
            "max_ingress_flow_count": null,
            "max_msgs_per_transaction": null,
            "max_subscription_count": null,
            "max_transacted_session_count": null,
            "max_transaction_count": null,
            "msg_vpn_name": "msgvpn-73a0pqiz3ci",
            "queue_control1_max_depth": null,
            "queue_control1_min_msg_burst": null,
            "queue_direct1_max_depth": null,
            "queue_direct1_min_msg_burst": null,
            "queue_direct2_max_depth": null,
            "queue_direct2_min_msg_burst": null,
            "queue_direct3_max_depth": null,
            "queue_direct3_min_msg_burst": null,
            "queue_guaranteed1_max_depth": null,
            "queue_guaranteed1_min_msg_burst": null,
            "reject_msg_to_sender_on_no_subscription_match_enabled": null,
            "replication_allow_client_connect_when_standby_enabled": null,
            "service_min_keepalive_timeout": null,
            "service_smf_max_connection_count_per_client_username": null,
            "service_smf_min_keepalive_enabled": null,
            "service_web_inactive_timeout": null,
            "service_web_max_connection_count_per_client_username": null,
            "service_web_max_payload": null,
            "tcp_congestion_window_size": null,
            "tcp_keepalive_count": null,
            "tcp_keepalive_idle_time": null,
            "tcp_keepalive_interval": null,
            "tcp_max_segment_size": null,
            "tcp_max_window_size": null,
            "tls_allow_downgrade_to_plain_text_enabled": null
          },
          "sensitive_attributes": [],
          "identity_schema_version": 0,
          "private": "eyJkZWZhdWx0cyI6ImV5SnRZWGhUZFdKelkzSnBjSFJwYjI1RGIzVnVkQ0k2TlRBd01EQXdMQ0p0WVhoVWNtRnVjMkZqZEdsdmJrTnZkVzUwSWpvMU1EQXdMQ0p6WlhKMmFXTmxVMjFtVFdGNFEyOXVibVZqZEdsdmJrTnZkVzUwVUdWeVEyeHBaVzUwVlhObGNtNWhiV1VpT2pFd01EQXNJbk5sY25acFkyVlhaV0pOWVhoRGIyNXVaV04wYVc5dVEyOTFiblJRWlhKRGJHbGxiblJWYzJWeWJtRnRaU0k2TVRBd01IMD0ifQ=="
        }
      ]
    },
    {
      "mode": "managed",
      "type": "solacebroker_msg_vpn_client_profile",
      "name": "payments-profile",
      "provider": "provider[\"registry.terraform.io/solaceproducts/solacebroker\"]",
      "instances": [
        {
          "schema_version": 1,
          "attributes": {
            "allow_bridge_connections_enabled": null,
            "allow_guaranteed_endpoint_create_durability": null,
            "allow_guaranteed_endpoint_create_enabled": true,
            "allow_guaranteed_msg_receive_enabled": true,
            "allow_guaranteed_msg_send_enabled": true,
            "allow_shared_subscriptions_enabled": null,
            "allow_transacted_sessions_enabled": null,
            "api_queue_management_copy_from_on_create_template_name": null,
            "api_topic_endpoint_management_copy_from_on_create_template_name": null,
            "client_profile_name": "Payments_Profile",
            "compression_enabled": null,
            "eliding_delay": null,
            "eliding_enabled": null,
            "eliding_max_topic_count": null,
            "event_client_provisioned_endpoint_spool_usage_threshold": null,
            "event_connection_count_per_client_username_threshold": null,
            "event_egress_flow_count_threshold": null,
            "event_endpoint_count_per_client_username_threshold": null,
            "event_ingress_flow_count_threshold": null,
            "event_service_smf_connection_count_per_client_username_threshold": null,
            "event_service_web_connection_count_per_client_username_threshold": null,
            "event_subscription_count_threshold": null,
            "event_transacted_session_count_threshold": null,
            "event_transaction_count_threshold": null,
            "max_amqp_link_count": null,
            "max_connection_count_per_client_username": 10,
            "max_egress_flow_count": null,
            "max_endpoint_count_per_client_username": null,
            "max_ingress_flow_count": null,
            "max_msgs_per_transaction": null,
            "max_subscription_count": null,
            "max_transacted_session_count": null,
            "max_transaction_count": null,
            "msg_vpn_name": "msgvpn-73a0pqiz3ci",
            "queue_control1_max_depth": null,
            "queue_control1_min_msg_burst": null,
            "queue_direct1_max_depth": null,
            "queue_direct1_min_msg_burst": null,
            "queue_direct2_max_depth": null,
            "queue_direct2_min_msg_burst": null,
            "queue_direct3_max_depth": null,
            "queue_direct3_min_msg_burst": null,
            "queue_guaranteed1_max_depth": null,
            "queue_guaranteed1_min_msg_burst": null,
            "reject_msg_to_sender_on_no_subscription_match_enabled": null,
            "replication_allow_client_connect_when_standby_enabled": null,
            "service_min_keepalive_timeout": null,
            "service_smf_max_connection_count_per_client_username": null,
            "service_smf_min_keepalive_enabled": null,
            "service_web_inactive_timeout": null,
            "service_web_max_connection_count_per_client_username": null,
            "service_web_max_payload": null,
            "tcp_congestion_window_size": null,
            "tcp_keepalive_count": null,
            "tcp_keepalive_idle_time": null,
            "tcp_keepalive_interval": null,
            "tcp_max_segment_size": null,
            "tcp_max_window_size": null,
            "tls_allow_downgrade_to_plain_text_enabled": null
          },
          "sensitive_attributes": [],
          "identity_schema_version": 0,
          "private": "eyJkZWZhdWx0cyI6ImV5SnRZWGhUZFdKelkzSnBjSFJwYjI1RGIzVnVkQ0k2TlRBd01EQXdMQ0p0WVhoVWNtRnVjMkZqZEdsdmJrTnZkVzUwSWpvMU1EQXdMQ0p6WlhKMmFXTmxVMjFtVFdGNFEyOXVibVZqZEdsdmJrTnZkVzUwVUdWeVEyeHBaVzUwVlhObGNtNWhiV1VpT2pFd01EQXNJbk5sY25acFkyVlhaV0pOWVhoRGIyNXVaV04wYVc5dVEyOTFiblJRWlhKRGJHbGxiblJWYzJWeWJtRnRaU0k2TVRBd01IMD0ifQ=="
        }
      ]
    },
    {
      "mode": "managed",
      "type": "solacebroker_msg_vpn_client_username",
      "name": "notifications-app",
      "provider": "provider[\"registry.terraform.io/solaceproducts/solacebroker\"]",
      "instances": [
        {
          "schema_version": 1,
          "attributes": {
            "acl_profile_name": "Notifications_ACL",
            "client_profile_name": "Notifications_Profile",
            "client_username": "Notifications_App",
            "enabled": true,
            "guaranteed_endpoint_permission_override_enabled": true,
            "msg_vpn_name": "msgvpn-73a0pqiz3ci",
            "password": "notifications-secret",
            "subscription_manager_enabled": null
          },
          "sensitive_attributes": [
            [
              {
                "type": "get_attr",
                "value": "password"
              }
            ]
          ],
          "identity_schema_version": 0,
          "private": "eyJkZWZhdWx0cyI6ImUzMD0ifQ==",
          "dependencies": [
            "solacebroker_msg_vpn_acl_profile.notifications-acl",
            "solacebroker_msg_vpn_client_profile.notifications-profile"
          ]
        }
      ]
    },
    {
      "mode": "managed",
      "type": "solacebroker_msg_vpn_client_username",
      "name": "orders-app",
      "provider": "provider[\"registry.terraform.io/solaceproducts/solacebroker\"]",
      "instances": [
        {
          "schema_version": 1,
          "attributes": {
            "acl_profile_name": "Orders_ACL",
            "client_profile_name": "Orders_Profile",
            "client_username": "Orders_App",
            "enabled": true,
            "guaranteed_endpoint_permission_override_enabled": true,
            "msg_vpn_name": "msgvpn-73a0pqiz3ci",
            "password": "orders-secret",
            "subscription_manager_enabled": null
          },
          "sensitive_attributes": [
            [
              {
                "type": "get_attr",
                "value": "password"
              }
            ]
          ],
          "identity_schema_version": 0,
          "private": "eyJkZWZhdWx0cyI6ImUzMD0ifQ==",
          "dependencies": [
            "solacebroker_msg_vpn_acl_profile.orders-acl",
            "solacebroker_msg_vpn_client_profile.orders-profile"
          ]
        }
      ]
    },
    {
      "mode": "managed",
      "type": "solacebroker_msg_vpn_client_username",
      "name": "payments-app",
      "provider": "provider[\"registry.terraform.io/solaceproducts/solacebroker\"]",
      "instances": [
        {
          "schema_version": 1,
          "attributes": {
            "acl_profile_name": "Payments_ACL",
            "client_profile_name": "Payments_Profile",
            "client_username": "Payments_App",
            "enabled": true,
            "guaranteed_endpoint_permission_override_enabled": true,
            "msg_vpn_name": "msgvpn-73a0pqiz3ci",
            "password": "payments-secret",
            "subscription_manager_enabled": null
          },
          "sensitive_attributes": [
            [
              {
                "type": "get_attr",
                "value": "password"
              }
            ]
          ],
          "identity_schema_version": 0,
          "private": "eyJkZWZhdWx0cyI6ImUzMD0ifQ==",
          "dependencies": [
            "solacebroker_msg_vpn_acl_profile.payments-acl",
            "solacebroker_msg_vpn_client_profile.payments-profile"
          ]
        }
      ]
    },
    {
      "mode": "managed",
      "type": "solacebroker_msg_vpn_queue",
      "name": "dmq_Notifications",
      "provider": "provider[\"registry.terraform.io/solaceproducts/solacebroker\"]",
      "instances": [
        {
          "schema_version": 1,
          "attributes": {
            "access_type": null,
            "consumer_ack_propagation_enabled": null,
            "dead_msg_queue": null,
            "delivery_count_enabled": null,
            "delivery_delay": null,
            "egress_enabled": null,
            "event_bind_count_threshold": null,
            "event_msg_spool_usage_threshold": null,
            "event_reject_low_priority_msg_limit_threshold": null,
            "ingress_enabled": null,
            "max_bind_count": null,
            "max_delivered_unacked_msgs_per_flow": null,
            "max_msg_size": null,
            "max_msg_spool_usage": 5000,
            "max_redelivery_count": null,
            "max_ttl": null,
            "msg_vpn_name": "msgvpn-73a0pqiz3ci",
            "owner": null,
            "partition_count": null,
            "partition_rebalance_delay": null,
            "partition_rebalance_max_handoff_time": null,
            "permission": null,
            "queue_name": "Queue_Notifications.DMQ",
            "redelivery_delay_enabled": null,
            "redelivery_delay_initial_interval": null,
            "redelivery_delay_max_interval": null,
            "redelivery_delay_multiplier": null,
            "redelivery_enabled": null,
            "reject_low_priority_msg_enabled": null,
            "reject_low_priority_msg_limit": null,
            "reject_msg_to_sender_on_discard_behavior": null,
            "respect_dmq_eligible_enabled": null,
            "respect_msg_priority_enabled": null,
            "respect_ttl_enabled": null
          },
          "sensitive_attributes": [],
          "identity_schema_version": 0,
          "private": "eyJkZWZhdWx0cyI6ImUzMD0ifQ=="
        }
      ]
    },
    {
      "mode": "managed",
      "type": "solacebroker_msg_vpn_queue",
      "name": "dmq_orders",
      "provider": "provider[\"registry.terraform.io/solaceproducts/solacebroker\"]",
      "instances": [
        {
          "schema_version": 1,
          "attributes": {
            "access_type": null,
            "consumer_ack_propagation_enabled": null,
            "dead_msg_queue": null,
            "delivery_count_enabled": null,
            "delivery_delay": null,
            "egress_enabled": null,
            "event_bind_count_threshold": null,
            "event_msg_spool_usage_threshold": null,
            "event_reject_low_priority_msg_limit_threshold": null,
            "ingress_enabled": null,
            "max_bind_count": null,
            "max_delivered_unacked_msgs_per_flow": null,
            "max_msg_size": null,
            "max_msg_spool_usage": 5000,
            "max_redelivery_count": null,
            "max_ttl": null,
            "msg_vpn_name": "msgvpn-73a0pqiz3ci",
            "owner": null,
            "partition_count": null,
            "partition_rebalance_delay": null,
            "partition_rebalance_max_handoff_time": null,
            "permission": null,
            "queue_name": "Queue_Orders.DMQ",
            "redelivery_delay_enabled": null,
            "redelivery_delay_initial_interval": null,
            "redelivery_delay_max_interval": null,
            "redelivery_delay_multiplier": null,
            "redelivery_enabled": null,
            "reject_low_priority_msg_enabled": null,
            "reject_low_priority_msg_limit": null,
            "reject_msg_to_sender_on_discard_behavior": null,
            "respect_dmq_eligible_enabled": null,
            "respect_msg_priority_enabled": null,
            "respect_ttl_enabled": null
          },
          "sensitive_attributes": [],
          "identity_schema_version": 0,
          "private": "eyJkZWZhdWx0cyI6ImUzMD0ifQ=="
        }
      ]
    },
    {
      "mode": "managed",
      "type": "solacebroker_msg_vpn_queue",
      "name": "dmq_payments",
      "provider": "provider[\"registry.terraform.io/solaceproducts/solacebroker\"]",
      "instances": [
        {
          "schema_version": 1,
          "attributes": {
            "access_type": null,
            "consumer_ack_propagation_enabled": null,
            "dead_msg_queue": null,
            "delivery_count_enabled": null,
            "delivery_delay": null,
            "egress_enabled": null,
            "event_bind_count_threshold": null,
            "event_msg_spool_usage_threshold": null,
            "event_reject_low_priority_msg_limit_threshold": null,
            "ingress_enabled": null,
            "max_bind_count": null,
            "max_delivered_unacked_msgs_per_flow": null,
            "max_msg_size": null,
            "max_msg_spool_usage": 5000,
            "max_redelivery_count": null,
            "max_ttl": null,
            "msg_vpn_name": "msgvpn-73a0pqiz3ci",
            "owner": null,
            "partition_count": null,
            "partition_rebalance_delay": null,
            "partition_rebalance_max_handoff_time": null,
            "permission": null,
            "queue_name": "Queue_Payments.DMQ",
            "redelivery_delay_enabled": null,
            "redelivery_delay_initial_interval": null,
            "redelivery_delay_max_interval": null,
            "redelivery_delay_multiplier": null,
            "redelivery_enabled": null,
            "reject_low_priority_msg_enabled": null,
            "reject_low_priority_msg_limit": null,
            "reject_msg_to_sender_on_discard_behavior": null,
            "respect_dmq_eligible_enabled": null,
            "respect_msg_priority_enabled": null,
            "respect_ttl_enabled": null
          },
          "sensitive_attributes": [],
          "identity_schema_version": 0,
          "private": "eyJkZWZhdWx0cyI6ImUzMD0ifQ=="
        }
      ]
    },
    {
      "mode": "managed",
      "type": "solacebroker_msg_vpn_queue",
      "name": "queue_notofications",
      "provider": "provider[\"registry.terraform.io/solaceproducts/solacebroker\"]",
      "instances": [
        {
          "schema_version": 1,
          "attributes": {
            "access_type": "exclusive",
            "consumer_ack_propagation_enabled": null,
            "dead_msg_queue": "Queue_Notifications.DMQ",
            "delivery_count_enabled": null,
            "delivery_delay": null,
            "egress_enabled": true,
            "event_bind_count_threshold": null,
            "event_msg_spool_usage_threshold": null,
            "event_reject_low_priority_msg_limit_threshold": null,
            "ingress_enabled": true,
            "max_bind_count": null,
            "max_delivered_unacked_msgs_per_flow": null,
            "max_msg_size": 10000000,
            "max_msg_spool_usage": 500,
            "max_redelivery_count": 5,
            "max_ttl": 3600,
            "msg_vpn_name": "msgvpn-73a0pqiz3ci",
            "owner": null,
            "partition_count": null,
            "partition_rebalance_delay": null,
            "partition_rebalance_max_handoff_time": null,
            "permission": null,
            "queue_name": "Queue_Notifications",
            "redelivery_delay_enabled": null,
            "redelivery_delay_initial_interval": null,
            "redelivery_delay_max_interval": null,
            "redelivery_delay_multiplier": null,
            "redelivery_enabled": true,
            "reject_low_priority_msg_enabled": null,
            "reject_low_priority_msg_limit": null,
            "reject_msg_to_sender_on_discard_behavior": null,
            "respect_dmq_eligible_enabled": null,
            "respect_msg_priority_enabled": null,
            "respect_ttl_enabled": null
          },
          "sensitive_attributes": [],
          "identity_schema_version": 0,
          "private": "eyJkZWZhdWx0cyI6ImUzMD0ifQ=="
        }
      ]
    },
    {
      "mode": "managed",
      "type": "solacebroker_msg_vpn_queue",
      "name": "queue_orders",
      "provider": "provider[\"registry.terraform.io/solaceproducts/solacebroker\"]",
      "instances": [
        {
          "schema_version": 1,
          "attributes": {
            "access_type": "exclusive",
            "consumer_ack_propagation_enabled": null,
            "dead_msg_queue": "Queue_Orders.DMQ",
            "delivery_count_enabled": null,
            "delivery_delay": null,
            "egress_enabled": true,
            "event_bind_count_threshold": null,
            "event_msg_spool_usage_threshold": null,
            "event_reject_low_priority_msg_limit_threshold": null,
            "ingress_enabled": true,
            "max_bind_count": null,
            "max_delivered_unacked_msgs_per_flow": null,
            "max_msg_size": 10000000,
            "max_msg_spool_usage": 500,
            "max_redelivery_count": 5,
            "max_ttl": 3600,
            "msg_vpn_name": "msgvpn-73a0pqiz3ci",
            "owner": null,
            "partition_count": null,
            "partition_rebalance_delay": null,
            "partition_rebalance_max_handoff_time": null,
            "permission": null,
            "queue_name": "Queue_Orders",
            "redelivery_delay_enabled": null,
            "redelivery_delay_initial_interval": null,
            "redelivery_delay_max_interval": null,
            "redelivery_delay_multiplier": null,
            "redelivery_enabled": true,
            "reject_low_priority_msg_enabled": null,
            "reject_low_priority_msg_limit": null,
            "reject_msg_to_sender_on_discard_behavior": null,
            "respect_dmq_eligible_enabled": null,
            "respect_msg_priority_enabled": null,
            "respect_ttl_enabled": null
          },
          "sensitive_attributes": [],
          "identity_schema_version": 0,
          "private": "eyJkZWZhdWx0cyI6ImUzMD0ifQ=="
        }
      ]
    },
    {
      "mode": "managed",
      "type": "solacebroker_msg_vpn_queue",
      "name": "queue_payments",
      "provider": "provider[\"registry.terraform.io/solaceproducts/solacebroker\"]",
      "instances": [
        {
          "schema_version": 1,
          "attributes": {
            "access_type": "exclusive",
            "consumer_ack_propagation_enabled": null,
            "dead_msg_queue": "Queue_Payments.DMQ",
            "delivery_count_enabled": null,
            "delivery_delay": null,
            "egress_enabled": true,
            "event_bind_count_threshold": null,
            "event_msg_spool_usage_threshold": null,
            "event_reject_low_priority_msg_limit_threshold": null,
            "ingress_enabled": true,
            "max_bind_count": null,
            "max_delivered_unacked_msgs_per_flow": null,
            "max_msg_size": 10000000,
            "max_msg_spool_usage": 500,
            "max_redelivery_count": 5,
            "max_ttl": 3600,
            "msg_vpn_name": "msgvpn-73a0pqiz3ci",
            "owner": null,
            "partition_count": null,
            "partition_rebalance_delay": null,
            "partition_rebalance_max_handoff_time": null,
            "permission": null,
            "queue_name": "Queue_Payments",
            "redelivery_delay_enabled": null,
            "redelivery_delay_initial_interval": null,
            "redelivery_delay_max_interval": null,
            "redelivery_delay_multiplier": null,
            "redelivery_enabled": true,
            "reject_low_priority_msg_enabled": null,
            "reject_low_priority_msg_limit": null,
            "reject_msg_to_sender_on_discard_behavior": null,
            "respect_dmq_eligible_enabled": null,
            "respect_msg_priority_enabled": null,
            "respect_ttl_enabled": null
          },
          "sensitive_attributes": [],
          "identity_schema_version": 0,
          "private": "eyJkZWZhdWx0cyI6ImUzMD0ifQ=="
        }
      ]
    },
    {
      "mode": "managed",
      "type": "solacebroker_msg_vpn_queue_subscription",
      "name": "notifications_subscriptions1",
      "provider": "provider[\"registry.terraform.io/solaceproducts/solacebroker\"]",
      "instances": [
        {
          "schema_version": 1,
          "attributes": {
            "msg_vpn_name": "msgvpn-73a0pqiz3ci",
            "queue_name": "Queue_Notifications",
            "subscription_topic": "topic/notifications/email"
          },
          "sensitive_attributes": [],
          "identity_schema_version": 0,
          "private": "eyJkZWZhdWx0cyI6ImUzMD0ifQ==",
          "dependencies": [
            "solacebroker_msg_vpn_queue.queue_notofications"
          ]
        }
      ]
    },
    {
      "mode": "managed",
      "type": "solacebroker_msg_vpn_queue_subscription",
      "name": "notifications_subscriptions2",
      "provider": "provider[\"registry.terraform.io/solaceproducts/solacebroker\"]",
      "instances": [
        {
          "schema_version": 1,
          "attributes": {
            "msg_vpn_name": "msgvpn-73a0pqiz3ci",
            "queue_name": "Queue_Notifications",
            "subscription_topic": "topic/notifications/sms"
          },
          "sensitive_attributes": [],
          "identity_schema_version": 0,
          "private": "eyJkZWZhdWx0cyI6ImUzMD0ifQ==",
          "dependencies": [
            "solacebroker_msg_vpn_queue.queue_notofications"
          ]
        }
      ]
    },
    {
      "mode": "managed",
      "type": "solacebroker_msg_vpn_queue_subscription",
      "name": "orders_subscriptions1",
      "provider": "provider[\"registry.terraform.io/solaceproducts/solacebroker\"]",
      "instances": [
        {
          "schema_version": 1,
          "attributes": {
            "msg_vpn_name": "msgvpn-73a0pqiz3ci",
            "queue_name": "Queue_Orders",
            "subscription_topic": "topic/orders/created"
          },
          "sensitive_attributes": [],
          "identity_schema_version": 0,
          "private": "eyJkZWZhdWx0cyI6ImUzMD0ifQ==",
          "dependencies": [
            "solacebroker_msg_vpn_queue.queue_orders"
          ]
        }
      ]
    },
    {
      "mode": "managed",
      "type": "solacebroker_msg_vpn_queue_subscription",
      "name": "orders_subscriptions2",
      "provider": "provider[\"registry.terraform.io/solaceproducts/solacebroker\"]",
      "instances": [
        {
          "schema_version": 1,
          "attributes": {
            "msg_vpn_name": "msgvpn-73a0pqiz3ci",
            "queue_name": "Queue_Orders",
            "subscription_topic": "topic/orders/updated"
          },
          "sensitive_attributes": [],
          "identity_schema_version": 0,
          "private": "eyJkZWZhdWx0cyI6ImUzMD0ifQ==",
          "dependencies": [
            "solacebroker_msg_vpn_queue.queue_orders"
          ]
        }
      ]
    },
    {
      "mode": "managed",
      "type": "solacebroker_msg_vpn_queue_subscription",
      "name": "payments_subscriptions1",
      "provider": "provider[\"registry.terraform.io/solaceproducts/solacebroker\"]",
      "instances": [
        {
          "schema_version": 1,
          "attributes": {
            "msg_vpn_name": "msgvpn-73a0pqiz3ci",
            "queue_name": "Queue_Payments",
            "subscription_topic": "topic/payments/processed"
          },
          "sensitive_attributes": [],
          "identity_schema_version": 0,
          "private": "eyJkZWZhdWx0cyI6ImUzMD0ifQ==",
          "dependencies": [
            "solacebroker_msg_vpn_queue.queue_payments"
          ]
        }
      ]
    }
  ],
  "check_results": null
}
