{
  "version": 4,
  "terraform_version": "1.14.2",
  "serial": 3,
  "lineage": "8b5e5ed5-a296-aac4-eb4f-901e40b2808e",
  "outputs": {
    "cloud_service_id": {
      "value": "73a0pqiz3ci",
      "type": "string"
    },
    "cloud_service_name": {
      "value": "Solace-Devops-Pubsub",
      "type": "string"
    }
  },
  "resources": [
    {
      "mode": "managed",
      "type": "solacecloud_service",
      "name": "dev_service",
      "provider": "provider[\"registry.terraform.io/solaceproducts/solacecloud\"]",
      "instances": [
        {
          "schema_version": 0,
          "attributes": {
            "cluster_name": "cluster-eks-eu-central-1a-3-3uh5oh9myoo",
            "connection_endpoint": null,
            "custom_router_name": null,
            "datacenter_id": "eks-eu-central-1a",
            "dmr_cluster": {
              "name": "cluster-eks-eu-central-1a-3-3uh5oh9myoo",
              "password": "hlt9qcq5v8te5slj33p9sthoav",
              "primary_router_name": "73a0pqiz3ciprimary",
              "remote_address": "mr-connection-ptfsdflzb9n.messaging.solace.cloud",
              "supported_authentication_modes": [
                "Basic"
              ]
            },
            "environment_id": "b585dk33850",
            "event_broker_version": "10.25.0.334-53",
            "id": "73a0pqiz3ci",
            "locked": false,
            "mate_link_encryption": false,
            "max_spool_usage": 25,
            "message_vpn": {
              "authentication_basic_enabled": true,
              "authentication_basic_type": "INTERNAL",
              "authentication_client_cert_enabled": false,
              "authentication_client_cert_validate_date_enabled": false,
              "editor_management_credential": {
                "password": "bsa0qhdl57i1in46ak5rau1i7q",
                "username": "msgvpn-73a0pqiz3ci-admin"
              },
              "manager_management_credential": {
                "password": "qva9au17gqbvmp3ntfuhfjtp35",
                "username": "mission-control-manager"
              },
              "max_connection_count": 100,
              "max_egress_flow_count": 100,
              "max_endpoint_count": 100,
              "max_ingress_flow_count": 100,
              "max_msg_spool_usage": 25000,
              "max_subscription_count": 1000,
              "max_transacted_session_count": 100,
              "max_transaction_count": 500,
              "messaging_client_credential": {
                "password": "63kou5e6bh33mtpkcmdithu01o",
                "username": "solace-cloud-client"
              },
              "name": "msgvpn-73a0pqiz3ci",
              "truststore_uri": "https://cacerts.digicert.com/DigiCertGlobalRootCA.crt.pem",
              "viewer_management_credential": {
                "password": "bau1mo8qkq4mtebtuf53on8fug",
                "username": "msgvpn-73a0pqiz3ci-view"
              }
            },
            "message_vpn_name": "msgvpn-73a0pqiz3ci",
            "name": "Solace-Devops-Pubsub",
            "owned_by": "h863l0thf31",
            "service_class_id": "DEVELOPER"
          },
          "sensitive_attributes": [
            [
              {
                "type": "get_attr",
                "value": "dmr_cluster"
              },
              {
                "type": "get_attr",
                "value": "password"
              }
            ],
            [
              {
                "type": "get_attr",
                "value": "message_vpn"
              },
              {
                "type": "get_attr",
                "value": "editor_management_credential"
              },
              {
                "type": "get_attr",
                "value": "password"
              }
            ],
            [
              {
                "type": "get_attr",
                "value": "message_vpn"
              },
              {
                "type": "get_attr",
                "value": "manager_management_credential"
              },
              {
                "type": "get_attr",
                "value": "password"
              }
            ],
            [
              {
                "type": "get_attr",
                "value": "message_vpn"
              },
              {
                "type": "get_attr",
                "value": "messaging_client_credential"
              },
              {
                "type": "get_attr",
                "value": "password"
              }
            ],
            [
              {
                "type": "get_attr",
                "value": "message_vpn"
              },
              {
                "type": "get_attr",
                "value": "viewer_management_credential"
              },
              {
                "type": "get_attr",
                "value": "password"
              }
            ]
          ],
          "identity_schema_version": 0
        }
      ]
    }
  ],
  "check_results": null
}
